
Microsoft Visual Studio Solution File, Format Version 12.00
# Visual Studio Version 16
VisualStudioVersion = 16.0.30717.126
MinimumVisualStudioVersion = 10.0.40219.1
Project("{9A19103F-16F7-4668-BE54-9A1E7A4F7556}") = "TelephoneBook", "TelephoneBook\TelephoneBook.csproj", "{072B113B-0DCC-4A85-B927-09CE6089A114}"
EndProject
Global
	GlobalSection(SolutionConfigurationPlatforms) = preSolution
		Debug|Any CPU = Debug|Any CPU
		Release|Any CPU = Release|Any CPU
	EndGlobalSection
	GlobalSection(ProjectConfigurationPlatforms) = postSolution
		{072B113B-0DCC-4A85-B927-09CE6089A114}.Debug|Any CPU.ActiveCfg = Debug|Any CPU
		{072B113B-0DCC-4A85-B927-09CE6089A114}.Debug|Any CPU.Build.0 = Debug|Any CPU
		{072B113B-0DCC-4A85-B927-09CE6089A114}.Release|Any CPU.ActiveCfg = Release|Any CPU
		{072B113B-0DCC-4A85-B927-09CE6089A114}.Release|Any CPU.Build.0 = Release|Any CPU
	EndGlobalSection
	GlobalSection(SolutionProperties) = preSolution
		HideSolutionNode = FALSE
	EndGlobalSection
	GlobalSection(ExtensibilityGlobals) = postSolution
		SolutionGuid = {D1E69B09-35B5-4396-A175-A17AB1F47025}
	EndGlobalSection
EndGlobal
